
Microsoft Visual Studio Solution File, Format Version 12.00
# Visual Studio Version 17
VisualStudioVersion = 17.4.33110.190
MinimumVisualStudioVersion = 10.0.40219.1
Project("{FAE04EC0-301F-11D3-BF4B-00C04F79EFBC}") = "LeaveManagement.Web", "LeaveManagement.Web\LeaveManagement.Web.csproj", "{B550C7DC-661A-4B44-AFE5-8C7DE868F245}"
EndProject
Global
	GlobalSection(SolutionConfigurationPlatforms) = preSolution
		Debug|Any CPU = Debug|Any CPU
		Release|Any CPU = Release|Any CPU
	EndGlobalSection
	GlobalSection(ProjectConfigurationPlatforms) = postSolution
		{B550C7DC-661A-4B44-AFE5-8C7DE868F245}.Debug|Any CPU.ActiveCfg = Debug|Any CPU
		{B550C7DC-661A-4B44-AFE5-8C7DE868F245}.Debug|Any CPU.Build.0 = Debug|Any CPU
		{B550C7DC-661A-4B44-AFE5-8C7DE868F245}.Release|Any CPU.ActiveCfg = Release|Any CPU
		{B550C7DC-661A-4B44-AFE5-8C7DE868F245}.Release|Any CPU.Build.0 = Release|Any CPU
	EndGlobalSection
	GlobalSection(SolutionProperties) = preSolution
		HideSolutionNode = FALSE
	EndGlobalSection
	GlobalSection(ExtensibilityGlobals) = postSolution
		SolutionGuid = {9CB5B183-9BA0-4642-801C-62CBEB7A4C0F}
	EndGlobalSection
EndGlobal
